
Microsoft Visual Studio Solution File, Format Version 12.00
# Visual Studio Version 17
VisualStudioVersion = 17.8.34525.116
MinimumVisualStudioVersion = 10.0.40219.1
Project("{FAE04EC0-301F-11D3-BF4B-00C04F79EFBC}") = "CanvasPanelAnimacion", "CanvasPanelAnimacion\CanvasPanelAnimacion.csproj", "{52B31D1C-3DA9-4803-90F8-BCE87DC33593}"
EndProject
Global
	GlobalSection(SolutionConfigurationPlatforms) = preSolution
		Debug|Any CPU = Debug|Any CPU
		Release|Any CPU = Release|Any CPU
	EndGlobalSection
	GlobalSection(ProjectConfigurationPlatforms) = postSolution
		{52B31D1C-3DA9-4803-90F8-BCE87DC33593}.Debug|Any CPU.ActiveCfg = Debug|Any CPU
		{52B31D1C-3DA9-4803-90F8-BCE87DC33593}.Debug|Any CPU.Build.0 = Debug|Any CPU
		{52B31D1C-3DA9-4803-90F8-BCE87DC33593}.Release|Any CPU.ActiveCfg = Release|Any CPU
		{52B31D1C-3DA9-4803-90F8-BCE87DC33593}.Release|Any CPU.Build.0 = Release|Any CPU
	EndGlobalSection
	GlobalSection(SolutionProperties) = preSolution
		HideSolutionNode = FALSE
	EndGlobalSection
	GlobalSection(ExtensibilityGlobals) = postSolution
		SolutionGuid = {B2D059F0-F776-4C94-A78B-9C9DEAC53FE2}
	EndGlobalSection
EndGlobal
